
Microsoft Visual Studio Solution File, Format Version 12.00
# Visual Studio Version 17
VisualStudioVersion = 17.0.32002.185
MinimumVisualStudioVersion = 10.0.40219.1
Project("{FAE04EC0-301F-11D3-BF4B-00C04F79EFBC}") = "01 Types", "01 Types\01 Types.csproj", "{71461787-B97B-4492-8A75-A51862B4755E}"
EndProject
Project("{9A19103F-16F7-4668-BE54-9A1E7A4F7556}") = "02 IOStream", "02 IOStream\02 IOStream.csproj", "{E5607E45-025F-41BE-93A3-26967B33C3C3}"
EndProject
Project("{9A19103F-16F7-4668-BE54-9A1E7A4F7556}") = "03 Ariphmetic", "03 Ariphmetic\03 Ariphmetic.csproj", "{7F21FFB6-FDB6-46EF-89D5-71FA1A9E6AB1}"
EndProject
Project("{9A19103F-16F7-4668-BE54-9A1E7A4F7556}") = "05 Circles", "05 Circles\05 Circles.csproj", "{FACCD3BC-7DBA-45B2-BF2F-89DD0A1C26DA}"
EndProject
Project("{9A19103F-16F7-4668-BE54-9A1E7A4F7556}") = "06 Branching", "06 Branching\06 Branching.csproj", "{8AB80D3F-B168-4FFB-A1EC-54A34FEF2E97}"
EndProject
Project("{9A19103F-16F7-4668-BE54-9A1E7A4F7556}") = "04 MathFunction", "04 MathFunction\04 MathFunction.csproj", "{030D9982-817E-4FD1-A24A-A644D86D75F2}"
EndProject
Project("{9A19103F-16F7-4668-BE54-9A1E7A4F7556}") = "07 Arrays", "07 Arrays\07 Arrays.csproj", "{5B65AF21-1B70-40D1-8AF9-9EDF3C29432B}"
EndProject
Project("{9A19103F-16F7-4668-BE54-9A1E7A4F7556}") = "08 Functions", "08 Functions\08 Functions.csproj", "{BAC4204B-D97E-4A9D-9053-E6DED64C95CA}"
EndProject
Project("{9A19103F-16F7-4668-BE54-9A1E7A4F7556}") = "09 Classes", "09 Classes\09 Classes.csproj", "{575E0855-8303-4306-837B-A8C40C3A8B3E}"
EndProject
Project("{FAE04EC0-301F-11D3-BF4B-00C04F79EFBC}") = "10 Recursion", "10 Recursion\10 Recursion.csproj", "{942BB13D-70E6-4B2D-9C13-6F81509CD320}"
EndProject
Global
	GlobalSection(SolutionConfigurationPlatforms) = preSolution
		Debug|Any CPU = Debug|Any CPU
		Release|Any CPU = Release|Any CPU
	EndGlobalSection
	GlobalSection(ProjectConfigurationPlatforms) = postSolution
		{71461787-B97B-4492-8A75-A51862B4755E}.Debug|Any CPU.ActiveCfg = Debug|Any CPU
		{71461787-B97B-4492-8A75-A51862B4755E}.Debug|Any CPU.Build.0 = Debug|Any CPU
		{71461787-B97B-4492-8A75-A51862B4755E}.Release|Any CPU.ActiveCfg = Release|Any CPU
		{71461787-B97B-4492-8A75-A51862B4755E}.Release|Any CPU.Build.0 = Release|Any CPU
		{E5607E45-025F-41BE-93A3-26967B33C3C3}.Debug|Any CPU.ActiveCfg = Debug|Any CPU
		{E5607E45-025F-41BE-93A3-26967B33C3C3}.Debug|Any CPU.Build.0 = Debug|Any CPU
		{E5607E45-025F-41BE-93A3-26967B33C3C3}.Release|Any CPU.ActiveCfg = Release|Any CPU
		{E5607E45-025F-41BE-93A3-26967B33C3C3}.Release|Any CPU.Build.0 = Release|Any CPU
		{7F21FFB6-FDB6-46EF-89D5-71FA1A9E6AB1}.Debug|Any CPU.ActiveCfg = Debug|Any CPU
		{7F21FFB6-FDB6-46EF-89D5-71FA1A9E6AB1}.Debug|Any CPU.Build.0 = Debug|Any CPU
		{7F21FFB6-FDB6-46EF-89D5-71FA1A9E6AB1}.Release|Any CPU.ActiveCfg = Release|Any CPU
		{7F21FFB6-FDB6-46EF-89D5-71FA1A9E6AB1}.Release|Any CPU.Build.0 = Release|Any CPU
		{FACCD3BC-7DBA-45B2-BF2F-89DD0A1C26DA}.Debug|Any CPU.ActiveCfg = Debug|Any CPU
		{FACCD3BC-7DBA-45B2-BF2F-89DD0A1C26DA}.Debug|Any CPU.Build.0 = Debug|Any CPU
		{FACCD3BC-7DBA-45B2-BF2F-89DD0A1C26DA}.Release|Any CPU.ActiveCfg = Release|Any CPU
		{FACCD3BC-7DBA-45B2-BF2F-89DD0A1C26DA}.Release|Any CPU.Build.0 = Release|Any CPU
		{8AB80D3F-B168-4FFB-A1EC-54A34FEF2E97}.Debug|Any CPU.ActiveCfg = Debug|Any CPU
		{8AB80D3F-B168-4FFB-A1EC-54A34FEF2E97}.Debug|Any CPU.Build.0 = Debug|Any CPU
		{8AB80D3F-B168-4FFB-A1EC-54A34FEF2E97}.Release|Any CPU.ActiveCfg = Release|Any CPU
		{8AB80D3F-B168-4FFB-A1EC-54A34FEF2E97}.Release|Any CPU.Build.0 = Release|Any CPU
		{030D9982-817E-4FD1-A24A-A644D86D75F2}.Debug|Any CPU.ActiveCfg = Debug|Any CPU
		{030D9982-817E-4FD1-A24A-A644D86D75F2}.Debug|Any CPU.Build.0 = Debug|Any CPU
		{030D9982-817E-4FD1-A24A-A644D86D75F2}.Release|Any CPU.ActiveCfg = Release|Any CPU
		{030D9982-817E-4FD1-A24A-A644D86D75F2}.Release|Any CPU.Build.0 = Release|Any CPU
		{5B65AF21-1B70-40D1-8AF9-9EDF3C29432B}.Debug|Any CPU.ActiveCfg = Debug|Any CPU
		{5B65AF21-1B70-40D1-8AF9-9EDF3C29432B}.Debug|Any CPU.Build.0 = Debug|Any CPU
		{5B65AF21-1B70-40D1-8AF9-9EDF3C29432B}.Release|Any CPU.ActiveCfg = Release|Any CPU
		{5B65AF21-1B70-40D1-8AF9-9EDF3C29432B}.Release|Any CPU.Build.0 = Release|Any CPU
		{BAC4204B-D97E-4A9D-9053-E6DED64C95CA}.Debug|Any CPU.ActiveCfg = Debug|Any CPU
		{BAC4204B-D97E-4A9D-9053-E6DED64C95CA}.Debug|Any CPU.Build.0 = Debug|Any CPU
		{BAC4204B-D97E-4A9D-9053-E6DED64C95CA}.Release|Any CPU.ActiveCfg = Release|Any CPU
		{BAC4204B-D97E-4A9D-9053-E6DED64C95CA}.Release|Any CPU.Build.0 = Release|Any CPU
		{575E0855-8303-4306-837B-A8C40C3A8B3E}.Debug|Any CPU.ActiveCfg = Debug|Any CPU
		{575E0855-8303-4306-837B-A8C40C3A8B3E}.Debug|Any CPU.Build.0 = Debug|Any CPU
		{575E0855-8303-4306-837B-A8C40C3A8B3E}.Release|Any CPU.ActiveCfg = Release|Any CPU
		{575E0855-8303-4306-837B-A8C40C3A8B3E}.Release|Any CPU.Build.0 = Release|Any CPU
		{942BB13D-70E6-4B2D-9C13-6F81509CD320}.Debug|Any CPU.ActiveCfg = Debug|Any CPU
		{942BB13D-70E6-4B2D-9C13-6F81509CD320}.Debug|Any CPU.Build.0 = Debug|Any CPU
		{942BB13D-70E6-4B2D-9C13-6F81509CD320}.Release|Any CPU.ActiveCfg = Release|Any CPU
		{942BB13D-70E6-4B2D-9C13-6F81509CD320}.Release|Any CPU.Build.0 = Release|Any CPU
	EndGlobalSection
	GlobalSection(SolutionProperties) = preSolution
		HideSolutionNode = FALSE
	EndGlobalSection
	GlobalSection(ExtensibilityGlobals) = postSolution
		SolutionGuid = {DFCAF601-E804-4964-BD60-A9639070212A}
	EndGlobalSection
EndGlobal
